{
  "lockfileVersion": 1,
  "workspaces": {
    "": {
      "name": "preact-uno",
      "devDependencies": {
        "@ast-grep/napi": "^0.38.5",
        "@types/bun": "latest",
      },
      "peerDependencies": {
        "typescript": "^5",
      },
    },
  },
  "packages": {
    "@ast-grep/napi": ["@ast-grep/napi@0.38.5", "", { "optionalDependencies": { "@ast-grep/napi-darwin-arm64": "0.38.5", "@ast-grep/napi-darwin-x64": "0.38.5", "@ast-grep/napi-linux-arm64-gnu": "0.38.5", "@ast-grep/napi-linux-arm64-musl": "0.38.5", "@ast-grep/napi-linux-x64-gnu": "0.38.5", "@ast-grep/napi-linux-x64-musl": "0.38.5", "@ast-grep/napi-win32-arm64-msvc": "0.38.5", "@ast-grep/napi-win32-ia32-msvc": "0.38.5", "@ast-grep/napi-win32-x64-msvc": "0.38.5" } }, "sha512-lhuekQ5khQd70GaHatR+Ge4AcYtdYjzO372TlXI7cQOdvDcrL5MOR7CnQXvUe1cuJHTx2UJd42KK6z6Qza8Tjw=="],

    "@ast-grep/napi-darwin-arm64": ["@ast-grep/napi-darwin-arm64@0.38.5", "", { "os": "darwin", "cpu": "arm64" }, "sha512-Ky60f2O2Od7ySDLF8QOPX5PvdNw/1DGlqxLvKYF1wJUMAY3/7ZRGxDSZ+m3BwvYCMhvKCLWSthQ3eMuZyEUZzQ=="],

    "@ast-grep/napi-darwin-x64": ["@ast-grep/napi-darwin-x64@0.38.5", "", { "os": "darwin", "cpu": "x64" }, "sha512-4AOenxM5lC9nzSnTPmmDDYUG3Rrh4VjbmWf6JbZPhvhdgMnKigbFVvv2BqhzxBtI8MxJ86jNmuI3KW1QYc+V1A=="],

    "@ast-grep/napi-linux-arm64-gnu": ["@ast-grep/napi-linux-arm64-gnu@0.38.5", "", { "os": "linux", "cpu": "arm64" }, "sha512-8ePpkH15Patg4PdwreB64YXaIynyaNm6RbnkMKnZ6jFYnAa00NeWZ7lv1vdD01q5pzI4k3jx6deBGEvgRZ8hww=="],

    "@ast-grep/napi-linux-arm64-musl": ["@ast-grep/napi-linux-arm64-musl@0.38.5", "", { "os": "linux", "cpu": "arm64" }, "sha512-TG1e6AgRXksJuBMEVKV75h6aNoaE1IpIR4WB0CM6VTK84vjAlCh70XvFbqicowpCPJkWoQ2fhy4Ux+B8YykpJA=="],

    "@ast-grep/napi-linux-x64-gnu": ["@ast-grep/napi-linux-x64-gnu@0.38.5", "", { "os": "linux", "cpu": "x64" }, "sha512-BD8PEBras1EfbRHpZXUXJrAfaXcCL2ZZTgk+BNd/p//CWGqVQRbbVib5irRRETJf804ElXPD7uLV6IWeQP5u+w=="],

    "@ast-grep/napi-linux-x64-musl": ["@ast-grep/napi-linux-x64-musl@0.38.5", "", { "os": "linux", "cpu": "x64" }, "sha512-fJyehG0xPe9Hvp64o4N1gVIbJ3oBXvMaN81pXSTcMP9QI5v/H40igZ4XoPkobSGittPr7x3ooDv9WIwuzc4pxA=="],

    "@ast-grep/napi-win32-arm64-msvc": ["@ast-grep/napi-win32-arm64-msvc@0.38.5", "", { "os": "win32", "cpu": "arm64" }, "sha512-25wyag97kE6nv1hHaNuPgORYbSUndgsAUKCSarsEDI5BBp6h0YDdFY+VzM+SH62F0RBqj0bkpud38UblftfgFw=="],

    "@ast-grep/napi-win32-ia32-msvc": ["@ast-grep/napi-win32-ia32-msvc@0.38.5", "", { "os": "win32", "cpu": "ia32" }, "sha512-9ZmG9xAxxxMbDvhf2QQ0bq/e9BJ+TVXFsj9Fp5Ju7dkyCRFwLGquL/RapE/jz/L11zfu+Z7EVZfmp1RnmGxpWw=="],

    "@ast-grep/napi-win32-x64-msvc": ["@ast-grep/napi-win32-x64-msvc@0.38.5", "", { "os": "win32", "cpu": "x64" }, "sha512-DNeLIwkK/BKyYX5ymmeioqpXOXGcOxj2OgLpWiyk/VawwQe6uGgrH97k3pRku513dzHKayfizvU2igjj9oTJuA=="],

    "@types/bun": ["@types/bun@1.2.15", "", { "dependencies": { "bun-types": "1.2.15" } }, "sha512-U1ljPdBEphF0nw1MIk0hI7kPg7dFdPyM7EenHsp6W5loNHl7zqy6JQf/RKCgnUn2KDzUpkBwHPnEJEjII594bA=="],

    "@types/node": ["@types/node@22.15.30", "", { "dependencies": { "undici-types": "~6.21.0" } }, "sha512-6Q7lr06bEHdlfplU6YRbgG1SFBdlsfNC4/lX+SkhiTs0cpJkOElmWls8PxDFv4yY/xKb8Y6SO0OmSX4wgqTZbA=="],

    "bun-types": ["bun-types@1.2.15", "", { "dependencies": { "@types/node": "*" } }, "sha512-NarRIaS+iOaQU1JPfyKhZm4AsUOrwUOqRNHY0XxI8GI8jYxiLXLcdjYMG9UKS+fwWasc1uw1htV9AX24dD+p4w=="],

    "typescript": ["typescript@5.8.3", "", { "bin": { "tsc": "bin/tsc", "tsserver": "bin/tsserver" } }, "sha512-p1diW6TqL9L07nNxvRMM7hMMw4c5XOo/1ibL4aAIGmSAt9slTE1Xgw5KWuof2uTOvCg9BY7ZRi+GaF+7sfgPeQ=="],

    "undici-types": ["undici-types@6.21.0", "", {}, "sha512-iwDZqg0QAGrg9Rav5H4n0M64c3mkR59cJ6wQp+7C4nI0gsmExaedaYLNO44eT4AtBBwjbTiGPMlt2Md0T9H9JQ=="],
  }
}
